
Microsoft Visual Studio Solution File, Format Version 12.00
# Visual Studio Version 16
VisualStudioVersion = 16.0.29519.87
MinimumVisualStudioVersion = 10.0.40219.1
Project("{FAE04EC0-301F-11D3-BF4B-00C04F79EFBC}") = "MyWeb", "MyWeb.csproj", "{4CBBAE20-606F-48C0-9DF2-9956C0D5D2E8}"
EndProject
Project("{FAE04EC0-301F-11D3-BF4B-00C04F79EFBC}") = "MyWeb.Tests", "..\MyWeb.Tests\MyWeb.Tests.csproj", "{C06DD48C-F688-43D4-A993-1C439CA01C2F}"
EndProject
Global
	GlobalSection(SolutionConfigurationPlatforms) = preSolution
		Debug|Any CPU = Debug|Any CPU
		Release|Any CPU = Release|Any CPU
	EndGlobalSection
	GlobalSection(ProjectConfigurationPlatforms) = postSolution
		{4CBBAE20-606F-48C0-9DF2-9956C0D5D2E8}.Debug|Any CPU.ActiveCfg = Debug|Any CPU
		{4CBBAE20-606F-48C0-9DF2-9956C0D5D2E8}.Debug|Any CPU.Build.0 = Debug|Any CPU
		{4CBBAE20-606F-48C0-9DF2-9956C0D5D2E8}.Release|Any CPU.ActiveCfg = Release|Any CPU
		{4CBBAE20-606F-48C0-9DF2-9956C0D5D2E8}.Release|Any CPU.Build.0 = Release|Any CPU
		{C06DD48C-F688-43D4-A993-1C439CA01C2F}.Debug|Any CPU.ActiveCfg = Debug|Any CPU
		{C06DD48C-F688-43D4-A993-1C439CA01C2F}.Debug|Any CPU.Build.0 = Debug|Any CPU
		{C06DD48C-F688-43D4-A993-1C439CA01C2F}.Release|Any CPU.ActiveCfg = Release|Any CPU
		{C06DD48C-F688-43D4-A993-1C439CA01C2F}.Release|Any CPU.Build.0 = Release|Any CPU
	EndGlobalSection
	GlobalSection(SolutionProperties) = preSolution
		HideSolutionNode = FALSE
	EndGlobalSection
	GlobalSection(ExtensibilityGlobals) = postSolution
		SolutionGuid = {21B36A4A-D2E3-429B-873E-D829FAD462CE}
	EndGlobalSection
EndGlobal
